
Microsoft Visual Studio Solution File, Format Version 12.00
# Visual Studio Version 17
VisualStudioVersion = 17.13.35931.197 d17.13
MinimumVisualStudioVersion = 10.0.40219.1
Project("{FAE04EC0-301F-11D3-BF4B-00C04F79EFBC}") = "DemoASP", "DemoASP\DemoASP.csproj", "{196DEF03-DA75-4B81-9D8E-E122D41EF590}"
EndProject
Global
	GlobalSection(SolutionConfigurationPlatforms) = preSolution
		Debug|Any CPU = Debug|Any CPU
		Release|Any CPU = Release|Any CPU
	EndGlobalSection
	GlobalSection(ProjectConfigurationPlatforms) = postSolution
		{196DEF03-DA75-4B81-9D8E-E122D41EF590}.Debug|Any CPU.ActiveCfg = Debug|Any CPU
		{196DEF03-DA75-4B81-9D8E-E122D41EF590}.Debug|Any CPU.Build.0 = Debug|Any CPU
		{196DEF03-DA75-4B81-9D8E-E122D41EF590}.Release|Any CPU.ActiveCfg = Release|Any CPU
		{196DEF03-DA75-4B81-9D8E-E122D41EF590}.Release|Any CPU.Build.0 = Release|Any CPU
	EndGlobalSection
	GlobalSection(SolutionProperties) = preSolution
		HideSolutionNode = FALSE
	EndGlobalSection
	GlobalSection(ExtensibilityGlobals) = postSolution
		SolutionGuid = {097FE573-55AA-4ACA-A652-31DE99B44260}
	EndGlobalSection
EndGlobal
